
Microsoft Visual Studio Solution File, Format Version 12.00
# Visual Studio 15
VisualStudioVersion = 15.0.28307.136
MinimumVisualStudioVersion = 10.0.40219.1
Project("{2150E333-8FDC-42A3-9474-1A3956D46DE8}") = "Core", "Core", "{EA314CA3-05DF-4C6B-893E-F541F80BD020}"
EndProject
Project("{2150E333-8FDC-42A3-9474-1A3956D46DE8}") = "Persistence", "Persistence", "{1E06AD08-135B-482A-B69B-F1D008D95E62}"
EndProject
Project("{2150E333-8FDC-42A3-9474-1A3956D46DE8}") = "Infrastructure", "Infrastructure", "{1C20338A-6534-43F3-A3D8-BD59883164BC}"
EndProject
Project("{2150E333-8FDC-42A3-9474-1A3956D46DE8}") = "Applications", "Applications", "{78E2CB1F-C89F-4455-9219-E6233E46246E}"
EndProject
Project("{2150E333-8FDC-42A3-9474-1A3956D46DE8}") = "Common", "Common", "{1BEA8351-A977-40B2-9DCA-9BEB5D639252}"
EndProject
Project("{2150E333-8FDC-42A3-9474-1A3956D46DE8}") = "Tests", "Tests", "{0A66EF2D-525D-4516-A20E-90E024701641}"
EndProject
Project("{9A19103F-16F7-4668-BE54-9A1E7A4F7556}") = "ATS.Admin.UI", "src\admin\ATS.Admin.UI.csproj", "{C30EC9BD-6C46-428C-8512-AB1E9CF51A12}"
EndProject
Project("{9A19103F-16F7-4668-BE54-9A1E7A4F7556}") = "ATS.Common.Extensions", "src\extensions\ATS.Common.Extensions.csproj", "{976E3F84-88CA-4E84-9A52-833FC083C764}"
EndProject
Project("{9A19103F-16F7-4668-BE54-9A1E7A4F7556}") = "ATS.Core.Application", "src\application\ATS.Core.Application.csproj", "{30275946-AF03-4E56-9AFA-09DE42FF1004}"
EndProject
Project("{9A19103F-16F7-4668-BE54-9A1E7A4F7556}") = "ATS.Core.Domain", "src\domain\ATS.Core.Domain.csproj", "{9BA84223-B70C-4DC8-B856-6E7F99F07A9B}"
EndProject
Project("{9A19103F-16F7-4668-BE54-9A1E7A4F7556}") = "ATS.Messaging.Abstractions", "src\messaging\ATS.Messaging.Abstractions.csproj", "{15AC58E0-7188-4ACD-AB8E-65F4DDB98649}"
EndProject
Project("{9A19103F-16F7-4668-BE54-9A1E7A4F7556}") = "ATS.Messaging.Kafka", "src\kafka\ATS.Messaging.Kafka.csproj", "{B2E35595-5267-42F6-A2EB-E4C540C232C5}"
EndProject
Project("{9A19103F-16F7-4668-BE54-9A1E7A4F7556}") = "ATS.Security.Abstractions", "src\security\ATS.Security.Abstractions.csproj", "{EBFA4A01-F31C-43D8-8610-25612B5A4623}"
EndProject
Project("{9A19103F-16F7-4668-BE54-9A1E7A4F7556}") = "ATS.Security.Vault", "src\vault\ATS.Security.Vault.csproj", "{FB1A9079-4346-4A09-8EF3-DA71F20E31E7}"
EndProject
Project("{9A19103F-16F7-4668-BE54-9A1E7A4F7556}") = "ATS.Persistence.Abstractions", "src\repository\ATS.Persistence.Abstractions.csproj", "{D7C2C369-04F4-45F3-B8F4-16D78447C882}"
EndProject
Project("{9A19103F-16F7-4668-BE54-9A1E7A4F7556}") = "ATS.Persistence.Mongo", "src\mongo\ATS.Persistence.Mongo.csproj", "{87B98B18-141B-415F-9788-1D8B8EAFF409}"
EndProject
Project("{FAE04EC0-301F-11D3-BF4B-00C04F79EFBC}") = "ATS.Admin.Api", "admin-api\ATS.Admin.Api.csproj", "{BEC83B10-2767-4F39-B353-91A63C48651E}"
EndProject
Global
	GlobalSection(SolutionConfigurationPlatforms) = preSolution
		Debug|Any CPU = Debug|Any CPU
		Release|Any CPU = Release|Any CPU
	EndGlobalSection
	GlobalSection(ProjectConfigurationPlatforms) = postSolution
		{C30EC9BD-6C46-428C-8512-AB1E9CF51A12}.Debug|Any CPU.ActiveCfg = Debug|Any CPU
		{C30EC9BD-6C46-428C-8512-AB1E9CF51A12}.Debug|Any CPU.Build.0 = Debug|Any CPU
		{C30EC9BD-6C46-428C-8512-AB1E9CF51A12}.Release|Any CPU.ActiveCfg = Release|Any CPU
		{C30EC9BD-6C46-428C-8512-AB1E9CF51A12}.Release|Any CPU.Build.0 = Release|Any CPU
		{976E3F84-88CA-4E84-9A52-833FC083C764}.Debug|Any CPU.ActiveCfg = Debug|Any CPU
		{976E3F84-88CA-4E84-9A52-833FC083C764}.Debug|Any CPU.Build.0 = Debug|Any CPU
		{976E3F84-88CA-4E84-9A52-833FC083C764}.Release|Any CPU.ActiveCfg = Release|Any CPU
		{976E3F84-88CA-4E84-9A52-833FC083C764}.Release|Any CPU.Build.0 = Release|Any CPU
		{30275946-AF03-4E56-9AFA-09DE42FF1004}.Debug|Any CPU.ActiveCfg = Debug|Any CPU
		{30275946-AF03-4E56-9AFA-09DE42FF1004}.Debug|Any CPU.Build.0 = Debug|Any CPU
		{30275946-AF03-4E56-9AFA-09DE42FF1004}.Release|Any CPU.ActiveCfg = Release|Any CPU
		{30275946-AF03-4E56-9AFA-09DE42FF1004}.Release|Any CPU.Build.0 = Release|Any CPU
		{9BA84223-B70C-4DC8-B856-6E7F99F07A9B}.Debug|Any CPU.ActiveCfg = Debug|Any CPU
		{9BA84223-B70C-4DC8-B856-6E7F99F07A9B}.Debug|Any CPU.Build.0 = Debug|Any CPU
		{9BA84223-B70C-4DC8-B856-6E7F99F07A9B}.Release|Any CPU.ActiveCfg = Release|Any CPU
		{9BA84223-B70C-4DC8-B856-6E7F99F07A9B}.Release|Any CPU.Build.0 = Release|Any CPU
		{15AC58E0-7188-4ACD-AB8E-65F4DDB98649}.Debug|Any CPU.ActiveCfg = Debug|Any CPU
		{15AC58E0-7188-4ACD-AB8E-65F4DDB98649}.Debug|Any CPU.Build.0 = Debug|Any CPU
		{15AC58E0-7188-4ACD-AB8E-65F4DDB98649}.Release|Any CPU.ActiveCfg = Release|Any CPU
		{15AC58E0-7188-4ACD-AB8E-65F4DDB98649}.Release|Any CPU.Build.0 = Release|Any CPU
		{B2E35595-5267-42F6-A2EB-E4C540C232C5}.Debug|Any CPU.ActiveCfg = Debug|Any CPU
		{B2E35595-5267-42F6-A2EB-E4C540C232C5}.Debug|Any CPU.Build.0 = Debug|Any CPU
		{B2E35595-5267-42F6-A2EB-E4C540C232C5}.Release|Any CPU.ActiveCfg = Release|Any CPU
		{B2E35595-5267-42F6-A2EB-E4C540C232C5}.Release|Any CPU.Build.0 = Release|Any CPU
		{EBFA4A01-F31C-43D8-8610-25612B5A4623}.Debug|Any CPU.ActiveCfg = Debug|Any CPU
		{EBFA4A01-F31C-43D8-8610-25612B5A4623}.Debug|Any CPU.Build.0 = Debug|Any CPU
		{EBFA4A01-F31C-43D8-8610-25612B5A4623}.Release|Any CPU.ActiveCfg = Release|Any CPU
		{EBFA4A01-F31C-43D8-8610-25612B5A4623}.Release|Any CPU.Build.0 = Release|Any CPU
		{FB1A9079-4346-4A09-8EF3-DA71F20E31E7}.Debug|Any CPU.ActiveCfg = Debug|Any CPU
		{FB1A9079-4346-4A09-8EF3-DA71F20E31E7}.Debug|Any CPU.Build.0 = Debug|Any CPU
		{FB1A9079-4346-4A09-8EF3-DA71F20E31E7}.Release|Any CPU.ActiveCfg = Release|Any CPU
		{FB1A9079-4346-4A09-8EF3-DA71F20E31E7}.Release|Any CPU.Build.0 = Release|Any CPU
		{D7C2C369-04F4-45F3-B8F4-16D78447C882}.Debug|Any CPU.ActiveCfg = Debug|Any CPU
		{D7C2C369-04F4-45F3-B8F4-16D78447C882}.Debug|Any CPU.Build.0 = Debug|Any CPU
		{D7C2C369-04F4-45F3-B8F4-16D78447C882}.Release|Any CPU.ActiveCfg = Release|Any CPU
		{D7C2C369-04F4-45F3-B8F4-16D78447C882}.Release|Any CPU.Build.0 = Release|Any CPU
		{87B98B18-141B-415F-9788-1D8B8EAFF409}.Debug|Any CPU.ActiveCfg = Debug|Any CPU
		{87B98B18-141B-415F-9788-1D8B8EAFF409}.Debug|Any CPU.Build.0 = Debug|Any CPU
		{87B98B18-141B-415F-9788-1D8B8EAFF409}.Release|Any CPU.ActiveCfg = Release|Any CPU
		{87B98B18-141B-415F-9788-1D8B8EAFF409}.Release|Any CPU.Build.0 = Release|Any CPU
		{BEC83B10-2767-4F39-B353-91A63C48651E}.Debug|Any CPU.ActiveCfg = Debug|Any CPU
		{BEC83B10-2767-4F39-B353-91A63C48651E}.Debug|Any CPU.Build.0 = Debug|Any CPU
		{BEC83B10-2767-4F39-B353-91A63C48651E}.Release|Any CPU.ActiveCfg = Release|Any CPU
		{BEC83B10-2767-4F39-B353-91A63C48651E}.Release|Any CPU.Build.0 = Release|Any CPU
	EndGlobalSection
	GlobalSection(SolutionProperties) = preSolution
		HideSolutionNode = FALSE
	EndGlobalSection
	GlobalSection(NestedProjects) = preSolution
		{C30EC9BD-6C46-428C-8512-AB1E9CF51A12} = {78E2CB1F-C89F-4455-9219-E6233E46246E}
		{976E3F84-88CA-4E84-9A52-833FC083C764} = {1BEA8351-A977-40B2-9DCA-9BEB5D639252}
		{30275946-AF03-4E56-9AFA-09DE42FF1004} = {EA314CA3-05DF-4C6B-893E-F541F80BD020}
		{9BA84223-B70C-4DC8-B856-6E7F99F07A9B} = {EA314CA3-05DF-4C6B-893E-F541F80BD020}
		{15AC58E0-7188-4ACD-AB8E-65F4DDB98649} = {1C20338A-6534-43F3-A3D8-BD59883164BC}
		{B2E35595-5267-42F6-A2EB-E4C540C232C5} = {1C20338A-6534-43F3-A3D8-BD59883164BC}
		{EBFA4A01-F31C-43D8-8610-25612B5A4623} = {1C20338A-6534-43F3-A3D8-BD59883164BC}
		{FB1A9079-4346-4A09-8EF3-DA71F20E31E7} = {1C20338A-6534-43F3-A3D8-BD59883164BC}
		{D7C2C369-04F4-45F3-B8F4-16D78447C882} = {1E06AD08-135B-482A-B69B-F1D008D95E62}
		{87B98B18-141B-415F-9788-1D8B8EAFF409} = {1E06AD08-135B-482A-B69B-F1D008D95E62}
		{BEC83B10-2767-4F39-B353-91A63C48651E} = {78E2CB1F-C89F-4455-9219-E6233E46246E}
	EndGlobalSection
	GlobalSection(ExtensibilityGlobals) = postSolution
		SolutionGuid = {7A5BDBB2-A61F-4422-A391-14C0A4EF2779}
	EndGlobalSection
EndGlobal
